<?xml version="1.0" encoding="utf-8"?>
<Project ToolsVersion="4.0" xmlns="http://schemas.microsoft.com/developer/msbuild/2003">
  <ItemGroup>
    <ClInclude Include="..\..\Source\SimpleGame\SimpleGameMain.h" />
    <ClInclude Include="..\..\Source\SimpleGame\Engine\Engine.h">
      <Filter>Engine</Filter>
    </ClInclude>
    <ClInclude Include="..\..\Source\SimpleGame\Engine\Object.h">
      <Filter>Engine</Filter>
    </ClInclude>
    <ClInclude Include="..\..\Source\SimpleGame\Engine\Components\SpriteComponent.h">
      <Filter>Engine\Components</Filter>
    </ClInclude>
    <ClInclude Include="..\..\Source\SimpleGame\Engine\Components\PhysicsBodyComponent.h">
      <Filter>Engine\Components</Filter>
    </ClInclude>
    <ClInclude Include="..\..\Source\SimpleGame\Game\Characters\BaseCharacter.h">
      <Filter>Game\Characters</Filter>
    </ClInclude>
    <ClInclude Include="..\..\Source\SimpleGame\Game\Characters\PlayerCharacter.h">
      <Filter>Game\Characters</Filter>
    </ClInclude>
    <ClInclude Include="..\..\Source\SimpleGame\Game\Crosshair.h">
      <Filter>Game</Filter>
    </ClInclude>
    <ClInclude Include="..\..\Source\SimpleGame\Engine\Components\DynamicSpriteComponent.h">
      <Filter>Engine\Components</Filter>
    </ClInclude>
  </ItemGroup>
  <ItemGroup>
    <ClCompile Include="..\..\Source\SimpleGame\SimpleGameMain.cpp" />
    <ClCompile Include="..\..\Source\SimpleGame\Engine\Engine.cpp">
      <Filter>Engine</Filter>
    </ClCompile>
    <ClCompile Include="..\..\Source\SimpleGame\Engine\Object.cpp">
      <Filter>Engine</Filter>
    </ClCompile>
    <ClCompile Include="..\..\Source\SimpleGame\Engine\Components\SpriteComponent.cpp">
      <Filter>Engine\Components</Filter>
    </ClCompile>
    <ClCompile Include="..\..\Source\SimpleGame\Engine\Components\PhysicsBodyComponent.cpp">
      <Filter>Engine\Components</Filter>
    </ClCompile>
    <ClCompile Include="..\..\Source\SimpleGame\Game\Characters\BaseCharacter.cpp">
      <Filter>Game\Characters</Filter>
    </ClCompile>
    <ClCompile Include="..\..\Source\SimpleGame\Game\Characters\PlayerCharacter.cpp">
      <Filter>Game\Characters</Filter>
    </ClCompile>
    <ClCompile Include="..\..\Source\SimpleGame\Game\Crosshair.cpp">
      <Filter>Game</Filter>
    </ClCompile>
    <ClCompile Include="..\..\Source\SimpleGame\Engine\Components\DynamicSpriteComponent.cpp">
      <Filter>Engine\Components</Filter>
    </ClCompile>
  </ItemGroup>
  <ItemGroup>
    <Filter Include="Engine">
      <UniqueIdentifier>{8f480149-4aeb-42fe-9c7f-8d038de834ae}</UniqueIdentifier>
    </Filter>
    <Filter Include="Engine\Components">
      <UniqueIdentifier>{94133089-5721-4cbc-a180-1c15b49a8f17}</UniqueIdentifier>
    </Filter>
    <Filter Include="Game">
      <UniqueIdentifier>{ea5e3f6d-8b91-4416-bc64-4f18e9a47210}</UniqueIdentifier>
    </Filter>
    <Filter Include="Game\Characters">
      <UniqueIdentifier>{b98dde24-2b39-4fb9-b13b-5d8833dd608c}</UniqueIdentifier>
    </Filter>
  </ItemGroup>
</Project>