<?xml version="1.0" encoding="utf-8"?>
<Project ToolsVersion="4.0" xmlns="http://schemas.microsoft.com/developer/msbuild/2003">
  <ItemGroup>
    <ClCompile Include="..\..\Source\rwupd\rwupd.cpp" />
    <ClCompile Include="..\..\Source\rwupd\sha256.cpp" />
    <ClCompile Include="..\..\Source\rwupd\json.cpp" />
  </ItemGroup>
  <ItemGroup>
    <ClInclude Include="..\..\Source\rwupd\rwupd.h" />
    <ClInclude Include="..\..\Source\rwupd\sha256.h" />
  </ItemGroup>
  <ItemGroup>
    <None Include="..\..\Source\rwupd\errorlist.txt" />
  </ItemGroup>
</Project>