<?xml version="1.0" encoding="utf-8"?>
<Project ToolsVersion="4.0" xmlns="http://schemas.microsoft.com/developer/msbuild/2003">
  <ItemGroup>
    <Filter Include="Elements">
      <UniqueIdentifier>{21a32673-b0d5-4cfc-aa6c-2a209998c553}</UniqueIdentifier>
    </Filter>
    <Filter Include="Common">
      <UniqueIdentifier>{e2165db5-2f5a-440c-824a-7de08cdc4258}</UniqueIdentifier>
    </Filter>
    <Filter Include="Elements\Pages">
      <UniqueIdentifier>{53c02556-69fc-4665-8788-4cf6c599f9cf}</UniqueIdentifier>
    </Filter>
    <Filter Include="Elements\Drawables">
      <UniqueIdentifier>{47950060-37ea-47d8-b435-1f7a4167740e}</UniqueIdentifier>
    </Filter>
    <Filter Include="Resources">
      <UniqueIdentifier>{6cb489ef-99cb-45bb-ac00-4400c3a893ca}</UniqueIdentifier>
    </Filter>
  </ItemGroup>
  <ItemGroup>
    <ClInclude Include="..\..\Source\rwgui\rwapi.h" />
    <ClInclude Include="..\..\Source\rwgui\rwd2d.h" />
    <ClInclude Include="..\..\Source\rwgui\rwgui.h" />
    <ClInclude Include="..\..\Source\rwgui\Common\rwmath.h">
      <Filter>Common</Filter>
    </ClInclude>
    <ClInclude Include="..\..\Source\rwgui\Elements\Pages\BasePage.h">
      <Filter>Elements\Pages</Filter>
    </ClInclude>
    <ClInclude Include="..\..\Source\rwgui\Elements\Drawables\Border.h">
      <Filter>Elements\Drawables</Filter>
    </ClInclude>
    <ClInclude Include="..\..\Source\rwgui\Elements\Drawables\Background.h">
      <Filter>Elements\Drawables</Filter>
    </ClInclude>
    <ClInclude Include="..\..\Source\rwgui\Elements\Drawables\Header.h">
      <Filter>Elements\Drawables</Filter>
    </ClInclude>
    <ClInclude Include="..\..\Source\rwgui\Elements\Drawables\Button.h">
      <Filter>Elements\Drawables</Filter>
    </ClInclude>
    <ClInclude Include="..\..\Source\rwgui\Elements\Drawables\Drawable.h">
      <Filter>Elements\Drawables</Filter>
    </ClInclude>
    <ClInclude Include="..\..\Source\rwgui\Elements\Pages\ApplicationPage.h">
      <Filter>Elements\Pages</Filter>
    </ClInclude>
    <ClInclude Include="..\..\Source\rwgui\Resources\ResourceManager.h">
      <Filter>Resources</Filter>
    </ClInclude>
    <ClInclude Include="..\..\Source\rwgui\Common\Types.h">
      <Filter>Common</Filter>
    </ClInclude>
    <ClInclude Include="..\..\Source\rwgui\Elements\Drawables\Layout.h">
      <Filter>Elements\Drawables</Filter>
    </ClInclude>
    <ClInclude Include="..\..\Source\rwgui\rwresources.h" />
    <ClInclude Include="..\..\Source\rwgui\Elements\Drawables\TextLabel.h">
      <Filter>Elements\Drawables</Filter>
    </ClInclude>
    <ClInclude Include="..\..\Source\rwgui\Common\DebugHelpers.h">
      <Filter>Common</Filter>
    </ClInclude>
    <ClInclude Include="..\..\Source\rwgui\Elements\Drawables\Spacer.h">
      <Filter>Elements\Drawables</Filter>
    </ClInclude>
    <ClInclude Include="..\..\Source\rwgui\Common\Containers.h">
      <Filter>Common</Filter>
    </ClInclude>
    <ClInclude Include="..\..\Source\rwgui\Common\String.h">
      <Filter>Common</Filter>
    </ClInclude>
  </ItemGroup>
  <ItemGroup>
    <ClCompile Include="..\..\Source\rwgui\rwd2d.cpp" />
    <ClCompile Include="..\..\Source\rwgui\rwgui.cpp" />
    <ClCompile Include="..\..\Source\rwgui\Elements\Pages\BasePage.cpp">
      <Filter>Elements\Pages</Filter>
    </ClCompile>
    <ClCompile Include="..\..\Source\rwgui\Elements\Drawables\Border.cpp">
      <Filter>Elements\Drawables</Filter>
    </ClCompile>
    <ClCompile Include="..\..\Source\rwgui\Elements\Drawables\Background.cpp">
      <Filter>Elements\Drawables</Filter>
    </ClCompile>
    <ClCompile Include="..\..\Source\rwgui\Elements\Drawables\Header.cpp">
      <Filter>Elements\Drawables</Filter>
    </ClCompile>
    <ClCompile Include="..\..\Source\rwgui\Elements\Drawables\Button.cpp">
      <Filter>Elements\Drawables</Filter>
    </ClCompile>
    <ClCompile Include="..\..\Source\rwgui\Elements\Drawables\Drawable.cpp">
      <Filter>Elements\Drawables</Filter>
    </ClCompile>
    <ClCompile Include="..\..\Source\rwgui\Elements\Pages\ApplicationPage.cpp">
      <Filter>Elements\Pages</Filter>
    </ClCompile>
    <ClCompile Include="..\..\Source\rwgui\Resources\ResourceManager.cpp">
      <Filter>Resources</Filter>
    </ClCompile>
    <ClCompile Include="..\..\Source\rwgui\Elements\Drawables\Layout.cpp">
      <Filter>Elements\Drawables</Filter>
    </ClCompile>
    <ClCompile Include="..\..\Source\rwgui\Elements\Drawables\TextLabel.cpp">
      <Filter>Elements\Drawables</Filter>
    </ClCompile>
    <ClCompile Include="..\..\Source\rwgui\Common\DebugHelpers.cpp">
      <Filter>Common</Filter>
    </ClCompile>
    <ClCompile Include="..\..\Source\rwgui\Elements\Drawables\Spacer.cpp">
      <Filter>Elements\Drawables</Filter>
    </ClCompile>
    <ClCompile Include="..\..\Source\rwgui\Common\String.cpp">
      <Filter>Common</Filter>
    </ClCompile>
  </ItemGroup>
  <ItemGroup>
    <Image Include="D:\Images\close_3.png" />
    <Image Include="D:\BackButton.png" />
    <Image Include="C:\Users\royal\Documents\close_btn.png" />
    <Image Include="..\..\Resources\back.png" />
  </ItemGroup>
  <ItemGroup>
    <ResourceCompile Include="..\..\Source\rwgui\rwgui.rc" />
  </ItemGroup>
</Project>